// !$*UTF8*$!
{
	archiveVersion = 1;
	classes = {
	};
	objectVersion = 56;
	objects = {

/* Begin PBXBuildFile section */
		016099A32BBD5DFF0028EA3B /* HackNewsAppApp.swift in Sources */ = {isa = PBXBuildFile; fileRef = 016099A22BBD5DFF0028EA3B /* HackNewsAppApp.swift */; };
		016099A52BBD5DFF0028EA3B /* ContentView.swift in Sources */ = {isa = PBXBuildFile; fileRef = 016099A42BBD5DFF0028EA3B /* ContentView.swift */; };
		016099A72BBD5E000028EA3B /* Assets.xcassets in Resources */ = {isa = PBXBuildFile; fileRef = 016099A62BBD5E000028EA3B /* Assets.xcassets */; };
		016099AA2BBD5E000028EA3B /* Preview Assets.xcassets in Resources */ = {isa = PBXBuildFile; fileRef = 016099A92BBD5E000028EA3B /* Preview Assets.xcassets */; };
		016099B42BBD5E000028EA3B /* HackNewsAppTests.swift in Sources */ = {isa = PBXBuildFile; fileRef = 016099B32BBD5E000028EA3B /* HackNewsAppTests.swift */; };
		016099BE2BBD5E000028EA3B /* HackNewsAppUITests.swift in Sources */ = {isa = PBXBuildFile; fileRef = 016099BD2BBD5E000028EA3B /* HackNewsAppUITests.swift */; };
		016099C02BBD5E000028EA3B /* HackNewsAppUITestsLaunchTests.swift in Sources */ = {isa = PBXBuildFile; fileRef = 016099BF2BBD5E000028EA3B /* HackNewsAppUITestsLaunchTests.swift */; };
		016099CE2BBD67A30028EA3B /* NetworkManager.swift in Sources */ = {isa = PBXBuildFile; fileRef = 016099CD2BBD67A30028EA3B /* NetworkManager.swift */; };
/* End PBXBuildFile section */

/* Begin PBXContainerItemProxy section */
		016099B02BBD5E000028EA3B /* PBXContainerItemProxy */ = {
			isa = PBXContainerItemProxy;
			containerPortal = 016099972BBD5DFF0028EA3B /* Project object */;
			proxyType = 1;
			remoteGlobalIDString = 0160999E2BBD5DFF0028EA3B;
			remoteInfo = HackNewsApp;
		};
		016099BA2BBD5E000028EA3B /* PBXContainerItemProxy */ = {
			isa = PBXContainerItemProxy;
			containerPortal = 016099972BBD5DFF0028EA3B /* Project object */;
			proxyType = 1;
			remoteGlobalIDString = 0160999E2BBD5DFF0028EA3B;
			remoteInfo = HackNewsApp;
		};
/* End PBXContainerItemProxy section */

/* Begin PBXFileReference section */
		0160999F2BBD5DFF0028EA3B /* HackNewsApp.app */ = {isa = PBXFileReference; explicitFileType = wrapper.application; includeInIndex = 0; path = HackNewsApp.app; sourceTree = BUILT_PRODUCTS_DIR; };
		016099A22BBD5DFF0028EA3B /* HackNewsAppApp.swift */ = {isa = PBXFileReference; lastKnownFileType = sourcecode.swift; path = HackNewsAppApp.swift; sourceTree = "<group>"; };
		016099A42BBD5DFF0028EA3B /* ContentView.swift */ = {isa = PBXFileReference; lastKnownFileType = sourcecode.swift; path = ContentView.swift; sourceTree = "<group>"; };
		016099A62BBD5E000028EA3B /* Assets.xcassets */ = {isa = PBXFileReference; lastKnownFileType = folder.assetcatalog; path = Assets.xcassets; sourceTree = "<group>"; };
		016099A92BBD5E000028EA3B /* Preview Assets.xcassets */ = {isa = PBXFileReference; lastKnownFileType = folder.assetcatalog; path = "Preview Assets.xcassets"; sourceTree = "<group>"; };
		016099AF2BBD5E000028EA3B /* HackNewsAppTests.xctest */ = {isa = PBXFileReference; explicitFileType = wrapper.cfbundle; includeInIndex = 0; path = HackNewsAppTests.xctest; sourceTree = BUILT_PRODUCTS_DIR; };
		016099B32BBD5E000028EA3B /* HackNewsAppTests.swift */ = {isa = PBXFileReference; lastKnownFileType = sourcecode.swift; path = HackNewsAppTests.swift; sourceTree = "<group>"; };
		016099B92BBD5E000028EA3B /* HackNewsAppUITests.xctest */ = {isa = PBXFileReference; explicitFileType = wrapper.cfbundle; includeInIndex = 0; path = HackNewsAppUITests.xctest; sourceTree = BUILT_PRODUCTS_DIR; };
		016099BD2BBD5E000028EA3B /* HackNewsAppUITests.swift */ = {isa = PBXFileReference; lastKnownFileType = sourcecode.swift; path = HackNewsAppUITests.swift; sourceTree = "<group>"; };
		016099BF2BBD5E000028EA3B /* HackNewsAppUITestsLaunchTests.swift */ = {isa = PBXFileReference; lastKnownFileType = sourcecode.swift; path = HackNewsAppUITestsLaunchTests.swift; sourceTree = "<group>"; };
		016099CD2BBD67A30028EA3B /* NetworkManager.swift */ = {isa = PBXFileReference; lastKnownFileType = sourcecode.swift; path = NetworkManager.swift; sourceTree = "<group>"; };
/* End PBXFileReference section */

/* Begin PBXFrameworksBuildPhase section */
		0160999C2BBD5DFF0028EA3B /* Frameworks */ = {
			isa = PBXFrameworksBuildPhase;
			buildActionMask = 2147483647;
			files = (
			);
			runOnlyForDeploymentPostprocessing = 0;
		};
		016099AC2BBD5E000028EA3B /* Frameworks */ = {
			isa = PBXFrameworksBuildPhase;
			buildActionMask = 2147483647;
			files = (
			);
			runOnlyForDeploymentPostprocessing = 0;
		};
		016099B62BBD5E000028EA3B /* Frameworks */ = {
			isa = PBXFrameworksBuildPhase;
			buildActionMask = 2147483647;
			files = (
			);
			runOnlyForDeploymentPostprocessing = 0;
		};
/* End PBXFrameworksBuildPhase section */

/* Begin PBXGroup section */
		016099962BBD5DFF0028EA3B = {
			isa = PBXGroup;
			children = (
				016099A12BBD5DFF0028EA3B /* HackNewsApp */,
				016099B22BBD5E000028EA3B /* HackNewsAppTests */,
				016099BC2BBD5E000028EA3B /* HackNewsAppUITests */,
				016099A02BBD5DFF0028EA3B /* Products */,
			);
			sourceTree = "<group>";
		};
		016099A02BBD5DFF0028EA3B /* Products */ = {
			isa = PBXGroup;
			children = (
				0160999F2BBD5DFF0028EA3B /* HackNewsApp.app */,
				016099AF2BBD5E000028EA3B /* HackNewsAppTests.xctest */,
				016099B92BBD5E000028EA3B /* HackNewsAppUITests.xctest */,
			);
			name = Products;
			sourceTree = "<group>";
		};
		016099A12BBD5DFF0028EA3B /* HackNewsApp */ = {
			isa = PBXGroup;
			children = (
				016099A22BBD5DFF0028EA3B /* HackNewsAppApp.swift */,
				016099A42BBD5DFF0028EA3B /* ContentView.swift */,
				016099A62BBD5E000028EA3B /* Assets.xcassets */,
				016099CC2BBD67670028EA3B /* Models */,
				016099A82BBD5E000028EA3B /* Preview Content */,
			);
			path = HackNewsApp;
			sourceTree = "<group>";
		};
		016099A82BBD5E000028EA3B /* Preview Content */ = {
			isa = PBXGroup;
			children = (
				016099A92BBD5E000028EA3B /* Preview Assets.xcassets */,
			);
			path = "Preview Content";
			sourceTree = "<group>";
		};
		016099B22BBD5E000028EA3B /* HackNewsAppTests */ = {
			isa = PBXGroup;
			children = (
				016099B32BBD5E000028EA3B /* HackNewsAppTests.swift */,
			);
			path = HackNewsAppTests;
			sourceTree = "<group>";
		};
		016099BC2BBD5E000028EA3B /* HackNewsAppUITests */ = {
			isa = PBXGroup;
			children = (
				016099BD2BBD5E000028EA3B /* HackNewsAppUITests.swift */,
				016099BF2BBD5E000028EA3B /* HackNewsAppUITestsLaunchTests.swift */,
			);
			path = HackNewsAppUITests;
			sourceTree = "<group>";
		};
		016099CC2BBD67670028EA3B /* Models */ = {
			isa = PBXGroup;
			children = (
				016099CD2BBD67A30028EA3B /* NetworkManager.swift */,
			);
			path = Models;
			sourceTree = "<group>";
		};
/* End PBXGroup section */

/* Begin PBXNativeTarget section */
		0160999E2BBD5DFF0028EA3B /* HackNewsApp */ = {
			isa = PBXNativeTarget;
			buildConfigurationList = 016099C32BBD5E000028EA3B /* Build configuration list for PBXNativeTarget "HackNewsApp" */;
			buildPhases = (
				0160999B2BBD5DFF0028EA3B /* Sources */,
				0160999C2BBD5DFF0028EA3B /* Frameworks */,
				0160999D2BBD5DFF0028EA3B /* Resources */,
			);
			buildRules = (
			);
			dependencies = (
			);
			name = HackNewsApp;
			productName = HackNewsApp;
			productReference = 0160999F2BBD5DFF0028EA3B /* HackNewsApp.app */;
			productType = "com.apple.product-type.application";
		};
		016099AE2BBD5E000028EA3B /* HackNewsAppTests */ = {
			isa = PBXNativeTarget;
			buildConfigurationList = 016099C62BBD5E000028EA3B /* Build configuration list for PBXNativeTarget "HackNewsAppTests" */;
			buildPhases = (
				016099AB2BBD5E000028EA3B /* Sources */,
				016099AC2BBD5E000028EA3B /* Frameworks */,
				016099AD2BBD5E000028EA3B /* Resources */,
			);
			buildRules = (
			);
			dependencies = (
				016099B12BBD5E000028EA3B /* PBXTargetDependency */,
			);
			name = HackNewsAppTests;
			productName = HackNewsAppTests;
			productReference = 016099AF2BBD5E000028EA3B /* HackNewsAppTests.xctest */;
			productType = "com.apple.product-type.bundle.unit-test";
		};
		016099B82BBD5E000028EA3B /* HackNewsAppUITests */ = {
			isa = PBXNativeTarget;
			buildConfigurationList = 016099C92BBD5E000028EA3B /* Build configuration list for PBXNativeTarget "HackNewsAppUITests" */;
			buildPhases = (
				016099B52BBD5E000028EA3B /* Sources */,
				016099B62BBD5E000028EA3B /* Frameworks */,
				016099B72BBD5E000028EA3B /* Resources */,
			);
			buildRules = (
			);
			dependencies = (
				016099BB2BBD5E000028EA3B /* PBXTargetDependency */,
			);
			name = HackNewsAppUITests;
			productName = HackNewsAppUITests;
			productReference = 016099B92BBD5E000028EA3B /* HackNewsAppUITests.xctest */;
			productType = "com.apple.product-type.bundle.ui-testing";
		};
/* End PBXNativeTarget section */

/* Begin PBXProject section */
		016099972BBD5DFF0028EA3B /* Project object */ = {
			isa = PBXProject;
			attributes = {
				BuildIndependentTargetsInParallel = 1;
				LastSwiftUpdateCheck = 1500;
				LastUpgradeCheck = 1500;
				TargetAttributes = {
					0160999E2BBD5DFF0028EA3B = {
						CreatedOnToolsVersion = 15.0.1;
					};
					016099AE2BBD5E000028EA3B = {
						CreatedOnToolsVersion = 15.0.1;
						TestTargetID = 0160999E2BBD5DFF0028EA3B;
					};
					016099B82BBD5E000028EA3B = {
						CreatedOnToolsVersion = 15.0.1;
						TestTargetID = 0160999E2BBD5DFF0028EA3B;
					};
				};
			};
			buildConfigurationList = 0160999A2BBD5DFF0028EA3B /* Build configuration list for PBXProject "HackNewsApp" */;
			compatibilityVersion = "Xcode 14.0";
			developmentRegion = en;
			hasScannedForEncodings = 0;
			knownRegions = (
				en,
				Base,
			);
			mainGroup = 016099962BBD5DFF0028EA3B;
			productRefGroup = 016099A02BBD5DFF0028EA3B /* Products */;
			projectDirPath = "";
			projectRoot = "";
			targets = (
				0160999E2BBD5DFF0028EA3B /* HackNewsApp */,
				016099AE2BBD5E000028EA3B /* HackNewsAppTests */,
				016099B82BBD5E000028EA3B /* HackNewsAppUITests */,
			);
		};
/* End PBXProject section */

/* Begin PBXResourcesBuildPhase section */
		0160999D2BBD5DFF0028EA3B /* Resources */ = {
			isa = PBXResourcesBuildPhase;
			buildActionMask = 2147483647;
			files = (
				016099AA2BBD5E000028EA3B /* Preview Assets.xcassets in Resources */,
				016099A72BBD5E000028EA3B /* Assets.xcassets in Resources */,
			);
			runOnlyForDeploymentPostprocessing = 0;
		};
		016099AD2BBD5E000028EA3B /* Resources */ = {
			isa = PBXResourcesBuildPhase;
			buildActionMask = 2147483647;
			files = (
			);
			runOnlyForDeploymentPostprocessing = 0;
		};
		016099B72BBD5E000028EA3B /* Resources */ = {
			isa = PBXResourcesBuildPhase;
			buildActionMask = 2147483647;
			files = (
			);
			runOnlyForDeploymentPostprocessing = 0;
		};
/* End PBXResourcesBuildPhase section */

/* Begin PBXSourcesBuildPhase section */
		0160999B2BBD5DFF0028EA3B /* Sources */ = {
			isa = PBXSourcesBuildPhase;
			buildActionMask = 2147483647;
			files = (
				016099CE2BBD67A30028EA3B /* NetworkManager.swift in Sources */,
				016099A52BBD5DFF0028EA3B /* ContentView.swift in Sources */,
				016099A32BBD5DFF0028EA3B /* HackNewsAppApp.swift in Sources */,
			);
			runOnlyForDeploymentPostprocessing = 0;
		};
		016099AB2BBD5E000028EA3B /* Sources */ = {
			isa = PBXSourcesBuildPhase;
			buildActionMask = 2147483647;
			files = (
				016099B42BBD5E000028EA3B /* HackNewsAppTests.swift in Sources */,
			);
			runOnlyForDeploymentPostprocessing = 0;
		};
		016099B52BBD5E000028EA3B /* Sources */ = {
			isa = PBXSourcesBuildPhase;
			buildActionMask = 2147483647;
			files = (
				016099C02BBD5E000028EA3B /* HackNewsAppUITestsLaunchTests.swift in Sources */,
				016099BE2BBD5E000028EA3B /* HackNewsAppUITests.swift in Sources */,
			);
			runOnlyForDeploymentPostprocessing = 0;
		};
/* End PBXSourcesBuildPhase section */

/* Begin PBXTargetDependency section */
		016099B12BBD5E000028EA3B /* PBXTargetDependency */ = {
			isa = PBXTargetDependency;
			target = 0160999E2BBD5DFF0028EA3B /* HackNewsApp */;
			targetProxy = 016099B02BBD5E000028EA3B /* PBXContainerItemProxy */;
		};
		016099BB2BBD5E000028EA3B /* PBXTargetDependency */ = {
			isa = PBXTargetDependency;
			target = 0160999E2BBD5DFF0028EA3B /* HackNewsApp */;
			targetProxy = 016099BA2BBD5E000028EA3B /* PBXContainerItemProxy */;
		};
/* End PBXTargetDependency section */

/* Begin XCBuildConfiguration section */
		016099C12BBD5E000028EA3B /* Debug */ = {
			isa = XCBuildConfiguration;
			buildSettings = {
				ALWAYS_SEARCH_USER_PATHS = NO;
				ASSETCATALOG_COMPILER_GENERATE_SWIFT_ASSET_SYMBOL_EXTENSIONS = YES;
				CLANG_ANALYZER_NONNULL = YES;
				CLANG_ANALYZER_NUMBER_OBJECT_CONVERSION = YES_AGGRESSIVE;
				CLANG_CXX_LANGUAGE_STANDARD = "gnu++20";
				CLANG_ENABLE_MODULES = YES;
				CLANG_ENABLE_OBJC_ARC = YES;
				CLANG_ENABLE_OBJC_WEAK = YES;
				CLANG_WARN_BLOCK_CAPTURE_AUTORELEASING = YES;
				CLANG_WARN_BOOL_CONVERSION = YES;
				CLANG_WARN_COMMA = YES;
				CLANG_WARN_CONSTANT_CONVERSION = YES;
				CLANG_WARN_DEPRECATED_OBJC_IMPLEMENTATIONS = YES;
				CLANG_WARN_DIRECT_OBJC_ISA_USAGE = YES_ERROR;
				CLANG_WARN_DOCUMENTATION_COMMENTS = YES;
				CLANG_WARN_EMPTY_BODY = YES;
				CLANG_WARN_ENUM_CONVERSION = YES;
				CLANG_WARN_INFINITE_RECURSION = YES;
				CLANG_WARN_INT_CONVERSION = YES;
				CLANG_WARN_NON_LITERAL_NULL_CONVERSION = YES;
				CLANG_WARN_OBJC_IMPLICIT_RETAIN_SELF = YES;
				CLANG_WARN_OBJC_LITERAL_CONVERSION = YES;
				CLANG_WARN_OBJC_ROOT_CLASS = YES_ERROR;
				CLANG_WARN_QUOTED_INCLUDE_IN_FRAMEWORK_HEADER = YES;
				CLANG_WARN_RANGE_LOOP_ANALYSIS = YES;
				CLANG_WARN_STRICT_PROTOTYPES = YES;
				CLANG_WARN_SUSPICIOUS_MOVE = YES;
				CLANG_WARN_UNGUARDED_AVAILABILITY = YES_AGGRESSIVE;
				CLANG_WARN_UNREACHABLE_CODE = YES;
				CLANG_WARN__DUPLICATE_METHOD_MATCH = YES;
				COPY_PHASE_STRIP = NO;
				DEBUG_INFORMATION_FORMAT = dwarf;
				ENABLE_STRICT_OBJC_MSGSEND = YES;
				ENABLE_TESTABILITY = YES;
				ENABLE_USER_SCRIPT_SANDBOXING = YES;
				GCC_C_LANGUAGE_STANDARD = gnu17;
				GCC_DYNAMIC_NO_PIC = NO;
				GCC_NO_COMMON_BLOCKS = YES;
				GCC_OPTIMIZATION_LEVEL = 0;
				GCC_PREPROCESSOR_DEFINITIONS = (
					"DEBUG=1",
					"$(inherited)",
				);
				GCC_WARN_64_TO_32_BIT_CONVERSION = YES;
				GCC_WARN_ABOUT_RETURN_TYPE = YES_ERROR;
				GCC_WARN_UNDECLARED_SELECTOR = YES;
				GCC_WARN_UNINITIALIZED_AUTOS = YES_AGGRESSIVE;
				GCC_WARN_UNUSED_FUNCTION = YES;
				GCC_WARN_UNUSED_VARIABLE = YES;
				IPHONEOS_DEPLOYMENT_TARGET = 17.0;
				LOCALIZATION_PREFERS_STRING_CATALOGS = YES;
				MTL_ENABLE_DEBUG_INFO = INCLUDE_SOURCE;
				MTL_FAST_MATH = YES;
				ONLY_ACTIVE_ARCH = YES;
				SDKROOT = iphoneos;
				SWIFT_ACTIVE_COMPILATION_CONDITIONS = "DEBUG $(inherited)";
				SWIFT_OPTIMIZATION_LEVEL = "-Onone";
			};
			name = Debug;
		};
		016099C22BBD5E000028EA3B /* Release */ = {
			isa = XCBuildConfiguration;
			buildSettings = {
				ALWAYS_SEARCH_USER_PATHS = NO;
				ASSETCATALOG_COMPILER_GENERATE_SWIFT_ASSET_SYMBOL_EXTENSIONS = YES;
				CLANG_ANALYZER_NONNULL = YES;
				CLANG_ANALYZER_NUMBER_OBJECT_CONVERSION = YES_AGGRESSIVE;
				CLANG_CXX_LANGUAGE_STANDARD = "gnu++20";
				CLANG_ENABLE_MODULES = YES;
				CLANG_ENABLE_OBJC_ARC = YES;
				CLANG_ENABLE_OBJC_WEAK = YES;
				CLANG_WARN_BLOCK_CAPTURE_AUTORELEASING = YES;
				CLANG_WARN_BOOL_CONVERSION = YES;
				CLANG_WARN_COMMA = YES;
				CLANG_WARN_CONSTANT_CONVERSION = YES;
				CLANG_WARN_DEPRECATED_OBJC_IMPLEMENTATIONS = YES;
				CLANG_WARN_DIRECT_OBJC_ISA_USAGE = YES_ERROR;
				CLANG_WARN_DOCUMENTATION_COMMENTS = YES;
				CLANG_WARN_EMPTY_BODY = YES;
				CLANG_WARN_ENUM_CONVERSION = YES;
				CLANG_WARN_INFINITE_RECURSION = YES;
				CLANG_WARN_INT_CONVERSION = YES;
				CLANG_WARN_NON_LITERAL_NULL_CONVERSION = YES;
				CLANG_WARN_OBJC_IMPLICIT_RETAIN_SELF = YES;
				CLANG_WARN_OBJC_LITERAL_CONVERSION = YES;
				CLANG_WARN_OBJC_ROOT_CLASS = YES_ERROR;
				CLANG_WARN_QUOTED_INCLUDE_IN_FRAMEWORK_HEADER = YES;
				CLANG_WARN_RANGE_LOOP_ANALYSIS = YES;
				CLANG_WARN_STRICT_PROTOTYPES = YES;
				CLANG_WARN_SUSPICIOUS_MOVE = YES;
				CLANG_WARN_UNGUARDED_AVAILABILITY = YES_AGGRESSIVE;
				CLANG_WARN_UNREACHABLE_CODE = YES;
				CLANG_WARN__DUPLICATE_METHOD_MATCH = YES;
				COPY_PHASE_STRIP = NO;
				DEBUG_INFORMATION_FORMAT = "dwarf-with-dsym";
				ENABLE_NS_ASSERTIONS = NO;
				ENABLE_STRICT_OBJC_MSGSEND = YES;
				ENABLE_USER_SCRIPT_SANDBOXING = YES;
				GCC_C_LANGUAGE_STANDARD = gnu17;
				GCC_NO_COMMON_BLOCKS = YES;
				GCC_WARN_64_TO_32_BIT_CONVERSION = YES;
				GCC_WARN_ABOUT_RETURN_TYPE = YES_ERROR;
				GCC_WARN_UNDECLARED_SELECTOR = YES;
				GCC_WARN_UNINITIALIZED_AUTOS = YES_AGGRESSIVE;
				GCC_WARN_UNUSED_FUNCTION = YES;
				GCC_WARN_UNUSED_VARIABLE = YES;
				IPHONEOS_DEPLOYMENT_TARGET = 17.0;
				LOCALIZATION_PREFERS_STRING_CATALOGS = YES;
				MTL_ENABLE_DEBUG_INFO = NO;
				MTL_FAST_MATH = YES;
				SDKROOT = iphoneos;
				SWIFT_COMPILATION_MODE = wholemodule;
				VALIDATE_PRODUCT = YES;
			};
			name = Release;
		};
		016099C42BBD5E000028EA3B /* Debug */ = {
			isa = XCBuildConfiguration;
			buildSettings = {
				ASSETCATALOG_COMPILER_APPICON_NAME = AppIcon;
				ASSETCATALOG_COMPILER_GLOBAL_ACCENT_COLOR_NAME = AccentColor;
				CODE_SIGN_STYLE = Automatic;
				CURRENT_PROJECT_VERSION = 1;
				DEVELOPMENT_ASSET_PATHS = "\"HackNewsApp/Preview Content\"";
				DEVELOPMENT_TEAM = RLCVQ32K8A;
				ENABLE_PREVIEWS = YES;
				GENERATE_INFOPLIST_FILE = YES;
				INFOPLIST_KEY_UIApplicationSceneManifest_Generation = YES;
				INFOPLIST_KEY_UIApplicationSupportsIndirectInputEvents = YES;
				INFOPLIST_KEY_UILaunchScreen_Generation = YES;
				INFOPLIST_KEY_UISupportedInterfaceOrientations_iPad = "UIInterfaceOrientationPortrait UIInterfaceOrientationPortraitUpsideDown UIInterfaceOrientationLandscapeLeft UIInterfaceOrientationLandscapeRight";
				INFOPLIST_KEY_UISupportedInterfaceOrientations_iPhone = "UIInterfaceOrientationPortrait UIInterfaceOrientationLandscapeLeft UIInterfaceOrientationLandscapeRight";
				LD_RUNPATH_SEARCH_PATHS = (
					"$(inherited)",
					"@executable_path/Frameworks",
				);
				MARKETING_VERSION = 1.0;
				PRODUCT_BUNDLE_IDENTIFIER = com.github.HackNewsApp;
				PRODUCT_NAME = "$(TARGET_NAME)";
				SWIFT_EMIT_LOC_STRINGS = YES;
				SWIFT_VERSION = 5.0;
				TARGETED_DEVICE_FAMILY = "1,2";
			};
			name = Debug;
		};
		016099C52BBD5E000028EA3B /* Release */ = {
			isa = XCBuildConfiguration;
			buildSettings = {
				ASSETCATALOG_COMPILER_APPICON_NAME = AppIcon;
				ASSETCATALOG_COMPILER_GLOBAL_ACCENT_COLOR_NAME = AccentColor;
				CODE_SIGN_STYLE = Automatic;
				CURRENT_PROJECT_VERSION = 1;
				DEVELOPMENT_ASSET_PATHS = "\"HackNewsApp/Preview Content\"";
				DEVELOPMENT_TEAM = RLCVQ32K8A;
				ENABLE_PREVIEWS = YES;
				GENERATE_INFOPLIST_FILE = YES;
				INFOPLIST_KEY_UIApplicationSceneManifest_Generation = YES;
				INFOPLIST_KEY_UIApplicationSupportsIndirectInputEvents = YES;
				INFOPLIST_KEY_UILaunchScreen_Generation = YES;
				INFOPLIST_KEY_UISupportedInterfaceOrientations_iPad = "UIInterfaceOrientationPortrait UIInterfaceOrientationPortraitUpsideDown UIInterfaceOrientationLandscapeLeft UIInterfaceOrientationLandscapeRight";
				INFOPLIST_KEY_UISupportedInterfaceOrientations_iPhone = "UIInterfaceOrientationPortrait UIInterfaceOrientationLandscapeLeft UIInterfaceOrientationLandscapeRight";
				LD_RUNPATH_SEARCH_PATHS = (
					"$(inherited)",
					"@executable_path/Frameworks",
				);
				MARKETING_VERSION = 1.0;
				PRODUCT_BUNDLE_IDENTIFIER = com.github.HackNewsApp;
				PRODUCT_NAME = "$(TARGET_NAME)";
				SWIFT_EMIT_LOC_STRINGS = YES;
				SWIFT_VERSION = 5.0;
				TARGETED_DEVICE_FAMILY = "1,2";
			};
			name = Release;
		};
		016099C72BBD5E000028EA3B /* Debug */ = {
			isa = XCBuildConfiguration;
			buildSettings = {
				ALWAYS_EMBED_SWIFT_STANDARD_LIBRARIES = YES;
				BUNDLE_LOADER = "$(TEST_HOST)";
				CODE_SIGN_STYLE = Automatic;
				CURRENT_PROJECT_VERSION = 1;
				DEVELOPMENT_TEAM = RLCVQ32K8A;
				GENERATE_INFOPLIST_FILE = YES;
				IPHONEOS_DEPLOYMENT_TARGET = 17.0;
				MARKETING_VERSION = 1.0;
				PRODUCT_BUNDLE_IDENTIFIER = com.github.HackNewsAppTests;
				PRODUCT_NAME = "$(TARGET_NAME)";
				SWIFT_EMIT_LOC_STRINGS = NO;
				SWIFT_VERSION = 5.0;
				TARGETED_DEVICE_FAMILY = "1,2";
				TEST_HOST = "$(BUILT_PRODUCTS_DIR)/HackNewsApp.app/$(BUNDLE_EXECUTABLE_FOLDER_PATH)/HackNewsApp";
			};
			name = Debug;
		};
		016099C82BBD5E000028EA3B /* Release */ = {
			isa = XCBuildConfiguration;
			buildSettings = {
				ALWAYS_EMBED_SWIFT_STANDARD_LIBRARIES = YES;
				BUNDLE_LOADER = "$(TEST_HOST)";
				CODE_SIGN_STYLE = Automatic;
				CURRENT_PROJECT_VERSION = 1;
				DEVELOPMENT_TEAM = RLCVQ32K8A;
				GENERATE_INFOPLIST_FILE = YES;
				IPHONEOS_DEPLOYMENT_TARGET = 17.0;
				MARKETING_VERSION = 1.0;
				PRODUCT_BUNDLE_IDENTIFIER = com.github.HackNewsAppTests;
				PRODUCT_NAME = "$(TARGET_NAME)";
				SWIFT_EMIT_LOC_STRINGS = NO;
				SWIFT_VERSION = 5.0;
				TARGETED_DEVICE_FAMILY = "1,2";
				TEST_HOST = "$(BUILT_PRODUCTS_DIR)/HackNewsApp.app/$(BUNDLE_EXECUTABLE_FOLDER_PATH)/HackNewsApp";
			};
			name = Release;
		};
		016099CA2BBD5E000028EA3B /* Debug */ = {
			isa = XCBuildConfiguration;
			buildSettings = {
				ALWAYS_EMBED_SWIFT_STANDARD_LIBRARIES = YES;
				CODE_SIGN_STYLE = Automatic;
				CURRENT_PROJECT_VERSION = 1;
				DEVELOPMENT_TEAM = RLCVQ32K8A;
				GENERATE_INFOPLIST_FILE = YES;
				MARKETING_VERSION = 1.0;
				PRODUCT_BUNDLE_IDENTIFIER = com.github.HackNewsAppUITests;
				PRODUCT_NAME = "$(TARGET_NAME)";
				SWIFT_EMIT_LOC_STRINGS = NO;
				SWIFT_VERSION = 5.0;
				TARGETED_DEVICE_FAMILY = "1,2";
				TEST_TARGET_NAME = HackNewsApp;
			};
			name = Debug;
		};
		016099CB2BBD5E000028EA3B /* Release */ = {
			isa = XCBuildConfiguration;
			buildSettings = {
				ALWAYS_EMBED_SWIFT_STANDARD_LIBRARIES = YES;
				CODE_SIGN_STYLE = Automatic;
				CURRENT_PROJECT_VERSION = 1;
				DEVELOPMENT_TEAM = RLCVQ32K8A;
				GENERATE_INFOPLIST_FILE = YES;
				MARKETING_VERSION = 1.0;
				PRODUCT_BUNDLE_IDENTIFIER = com.github.HackNewsAppUITests;
				PRODUCT_NAME = "$(TARGET_NAME)";
				SWIFT_EMIT_LOC_STRINGS = NO;
				SWIFT_VERSION = 5.0;
				TARGETED_DEVICE_FAMILY = "1,2";
				TEST_TARGET_NAME = HackNewsApp;
			};
			name = Release;
		};
/* End XCBuildConfiguration section */

/* Begin XCConfigurationList section */
		0160999A2BBD5DFF0028EA3B /* Build configuration list for PBXProject "HackNewsApp" */ = {
			isa = XCConfigurationList;
			buildConfigurations = (
				016099C12BBD5E000028EA3B /* Debug */,
				016099C22BBD5E000028EA3B /* Release */,
			);
			defaultConfigurationIsVisible = 0;
			defaultConfigurationName = Release;
		};
		016099C32BBD5E000028EA3B /* Build configuration list for PBXNativeTarget "HackNewsApp" */ = {
			isa = XCConfigurationList;
			buildConfigurations = (
				016099C42BBD5E000028EA3B /* Debug */,
				016099C52BBD5E000028EA3B /* Release */,
			);
			defaultConfigurationIsVisible = 0;
			defaultConfigurationName = Release;
		};
		016099C62BBD5E000028EA3B /* Build configuration list for PBXNativeTarget "HackNewsAppTests" */ = {
			isa = XCConfigurationList;
			buildConfigurations = (
				016099C72BBD5E000028EA3B /* Debug */,
				016099C82BBD5E000028EA3B /* Release */,
			);
			defaultConfigurationIsVisible = 0;
			defaultConfigurationName = Release;
		};
		016099C92BBD5E000028EA3B /* Build configuration list for PBXNativeTarget "HackNewsAppUITests" */ = {
			isa = XCConfigurationList;
			buildConfigurations = (
				016099CA2BBD5E000028EA3B /* Debug */,
				016099CB2BBD5E000028EA3B /* Release */,
			);
			defaultConfigurationIsVisible = 0;
			defaultConfigurationName = Release;
		};
/* End XCConfigurationList section */
	};
	rootObject = 016099972BBD5DFF0028EA3B /* Project object */;
}
